{
  "name": "conselho-app",
  "version": "1.0.0",
  "lockfileVersion": 1,
  "requires": true,
  "dependencies": {
    "dexie": {
      "version": "2.0.4",
      "resolved": "https://registry.npmjs.org/dexie/-/dexie-2.0.4.tgz",
      "integrity": "sha512-aQ/s1U2wHxwBKRrt2Z/mwFNHMQWhESerFsMYzE+5P5OsIe5o1kgpFMWkzKTtkvkyyEni6mWr/T4HUJuY9xIHLA=="
    },
    "lite-admin": {
      "version": "git+https://github.com/ayrtonvwf/lite-admin.git#d95d59320b161f9fa1d0fa52a1531b0a3c2b5c6f",
      "from": "git+https://github.com/ayrtonvwf/lite-admin.git"
    },
    "vue": {
      "version": "2.5.16",
      "resolved": "https://registry.npmjs.org/vue/-/vue-2.5.16.tgz",
      "integrity": "sha512-/ffmsiVuPC8PsWcFkZngdpas19ABm5mh2wA7iDqcltyCTwlgZjHGeJYOXkBMo422iPwIcviOtrTCUpSfXmToLQ=="
    }
  }
}
